
Microsoft Visual Studio Solution File, Format Version 11.00
# Visual Studio 2010
Project("{FAE04EC0-301F-11D3-BF4B-00C04F79EFBC}") = "Pebb.Modules.DigitalAccounts.Data", "Pebb.Modules.DigitalAccounts.Data\Pebb.Modules.DigitalAccounts.Data.csproj", "{4BC64116-6A06-4C6C-A043-15941636FF16}"
EndProject
Project("{FAE04EC0-301F-11D3-BF4B-00C04F79EFBC}") = "Pebb.Modules.DigitalAccounts.Entities", "Pebb.Modules.DigitalAccounts.Entities\Pebb.Modules.DigitalAccounts.Entities.csproj", "{3B224EFA-609F-4B74-AFFF-ADD7410EB50D}"
EndProject
Project("{2150E333-8FDC-42A3-9474-1A3956D46DE8}") = "Infrastructure", "Infrastructure", "{C1955AE0-D805-40B0-9AF3-88EC7C067925}"
EndProject
Project("{2150E333-8FDC-42A3-9474-1A3956D46DE8}") = "Domain", "Domain", "{CB2BF24D-BA48-4BD6-8451-7F09E57DE093}"
EndProject
Project("{2150E333-8FDC-42A3-9474-1A3956D46DE8}") = "Application", "Application", "{9149F207-ADE7-42A9-A4AA-E18518A672A9}"
EndProject
Project("{2150E333-8FDC-42A3-9474-1A3956D46DE8}") = "Services", "Services", "{C9826301-AF75-4753-9DD2-A4A72FA0F28E}"
EndProject
Project("{FAE04EC0-301F-11D3-BF4B-00C04F79EFBC}") = "Pebb.Services.Host", "Pebb.Services.Host\Pebb.Services.Host.csproj", "{B35129B0-BDE8-4DF5-887E-535C6573B7FF}"
EndProject
Project("{FAE04EC0-301F-11D3-BF4B-00C04F79EFBC}") = "Pebb.Modules.DigitalAccounts.Application", "Pebb.Modules.DigitalAccounts.Application\Pebb.Modules.DigitalAccounts.Application.csproj", "{7FA312F6-5BAF-4B75-B50F-FD41036E55F7}"
EndProject
Project("{FAE04EC0-301F-11D3-BF4B-00C04F79EFBC}") = "Pebb.Infrastructure.Core", "Pebb.Infrastructure.Core\Pebb.Infrastructure.Core.csproj", "{BAFF3295-A6FB-4F06-B7C0-9228E877C2E0}"
EndProject
Project("{2150E333-8FDC-42A3-9474-1A3956D46DE8}") = "1 - Layers", "1 - Layers", "{B614BB1B-309F-454F-B293-EEB4D3B974AD}"
	ProjectSection(SolutionItems) = preProject
		Readme.txt = Readme.txt
	EndProjectSection
EndProject
Project("{FAE04EC0-301F-11D3-BF4B-00C04F79EFBC}") = "Pebb.Domain.Core", "Pebb.Domain.Core\Pebb.Domain.Core.csproj", "{56525ED3-35EE-4DEA-90FC-818C91FED8E0}"
EndProject
Project("{2150E333-8FDC-42A3-9474-1A3956D46DE8}") = "Core", "Core", "{0A8DC9DD-11FD-45FF-9B47-267C2D0E3BA3}"
EndProject
Project("{2150E333-8FDC-42A3-9474-1A3956D46DE8}") = "Modules", "Modules", "{F645462C-F3C3-4E1F-8C2D-D3A97F6DF1F5}"
EndProject
Project("{2150E333-8FDC-42A3-9474-1A3956D46DE8}") = "Core", "Core", "{38EE2D0B-FF9B-4EF8-818B-A5B4EE02F6BC}"
EndProject
Project("{2150E333-8FDC-42A3-9474-1A3956D46DE8}") = "Modules", "Modules", "{E0EABC58-7B1F-4372-8600-F6902E4E99E4}"
EndProject
Global
	GlobalSection(SolutionConfigurationPlatforms) = preSolution
		Debug|Any CPU = Debug|Any CPU
		Release|Any CPU = Release|Any CPU
	EndGlobalSection
	GlobalSection(ProjectConfigurationPlatforms) = postSolution
		{4BC64116-6A06-4C6C-A043-15941636FF16}.Debug|Any CPU.ActiveCfg = Debug|Any CPU
		{4BC64116-6A06-4C6C-A043-15941636FF16}.Debug|Any CPU.Build.0 = Debug|Any CPU
		{4BC64116-6A06-4C6C-A043-15941636FF16}.Release|Any CPU.ActiveCfg = Release|Any CPU
		{4BC64116-6A06-4C6C-A043-15941636FF16}.Release|Any CPU.Build.0 = Release|Any CPU
		{3B224EFA-609F-4B74-AFFF-ADD7410EB50D}.Debug|Any CPU.ActiveCfg = Debug|Any CPU
		{3B224EFA-609F-4B74-AFFF-ADD7410EB50D}.Debug|Any CPU.Build.0 = Debug|Any CPU
		{3B224EFA-609F-4B74-AFFF-ADD7410EB50D}.Release|Any CPU.ActiveCfg = Release|Any CPU
		{3B224EFA-609F-4B74-AFFF-ADD7410EB50D}.Release|Any CPU.Build.0 = Release|Any CPU
		{B35129B0-BDE8-4DF5-887E-535C6573B7FF}.Debug|Any CPU.ActiveCfg = Debug|Any CPU
		{B35129B0-BDE8-4DF5-887E-535C6573B7FF}.Debug|Any CPU.Build.0 = Debug|Any CPU
		{B35129B0-BDE8-4DF5-887E-535C6573B7FF}.Release|Any CPU.ActiveCfg = Release|Any CPU
		{B35129B0-BDE8-4DF5-887E-535C6573B7FF}.Release|Any CPU.Build.0 = Release|Any CPU
		{7FA312F6-5BAF-4B75-B50F-FD41036E55F7}.Debug|Any CPU.ActiveCfg = Debug|Any CPU
		{7FA312F6-5BAF-4B75-B50F-FD41036E55F7}.Debug|Any CPU.Build.0 = Debug|Any CPU
		{7FA312F6-5BAF-4B75-B50F-FD41036E55F7}.Release|Any CPU.ActiveCfg = Release|Any CPU
		{7FA312F6-5BAF-4B75-B50F-FD41036E55F7}.Release|Any CPU.Build.0 = Release|Any CPU
		{BAFF3295-A6FB-4F06-B7C0-9228E877C2E0}.Debug|Any CPU.ActiveCfg = Debug|Any CPU
		{BAFF3295-A6FB-4F06-B7C0-9228E877C2E0}.Debug|Any CPU.Build.0 = Debug|Any CPU
		{BAFF3295-A6FB-4F06-B7C0-9228E877C2E0}.Release|Any CPU.ActiveCfg = Release|Any CPU
		{BAFF3295-A6FB-4F06-B7C0-9228E877C2E0}.Release|Any CPU.Build.0 = Release|Any CPU
		{56525ED3-35EE-4DEA-90FC-818C91FED8E0}.Debug|Any CPU.ActiveCfg = Debug|Any CPU
		{56525ED3-35EE-4DEA-90FC-818C91FED8E0}.Debug|Any CPU.Build.0 = Debug|Any CPU
		{56525ED3-35EE-4DEA-90FC-818C91FED8E0}.Release|Any CPU.ActiveCfg = Release|Any CPU
		{56525ED3-35EE-4DEA-90FC-818C91FED8E0}.Release|Any CPU.Build.0 = Release|Any CPU
	EndGlobalSection
	GlobalSection(SolutionProperties) = preSolution
		HideSolutionNode = FALSE
	EndGlobalSection
	GlobalSection(NestedProjects) = preSolution
		{CB2BF24D-BA48-4BD6-8451-7F09E57DE093} = {B614BB1B-309F-454F-B293-EEB4D3B974AD}
		{C1955AE0-D805-40B0-9AF3-88EC7C067925} = {B614BB1B-309F-454F-B293-EEB4D3B974AD}
		{9149F207-ADE7-42A9-A4AA-E18518A672A9} = {B614BB1B-309F-454F-B293-EEB4D3B974AD}
		{C9826301-AF75-4753-9DD2-A4A72FA0F28E} = {B614BB1B-309F-454F-B293-EEB4D3B974AD}
		{E0EABC58-7B1F-4372-8600-F6902E4E99E4} = {CB2BF24D-BA48-4BD6-8451-7F09E57DE093}
		{38EE2D0B-FF9B-4EF8-818B-A5B4EE02F6BC} = {CB2BF24D-BA48-4BD6-8451-7F09E57DE093}
		{0A8DC9DD-11FD-45FF-9B47-267C2D0E3BA3} = {C1955AE0-D805-40B0-9AF3-88EC7C067925}
		{F645462C-F3C3-4E1F-8C2D-D3A97F6DF1F5} = {C1955AE0-D805-40B0-9AF3-88EC7C067925}
		{3B224EFA-609F-4B74-AFFF-ADD7410EB50D} = {E0EABC58-7B1F-4372-8600-F6902E4E99E4}
		{7FA312F6-5BAF-4B75-B50F-FD41036E55F7} = {9149F207-ADE7-42A9-A4AA-E18518A672A9}
		{B35129B0-BDE8-4DF5-887E-535C6573B7FF} = {C9826301-AF75-4753-9DD2-A4A72FA0F28E}
		{BAFF3295-A6FB-4F06-B7C0-9228E877C2E0} = {0A8DC9DD-11FD-45FF-9B47-267C2D0E3BA3}
		{4BC64116-6A06-4C6C-A043-15941636FF16} = {F645462C-F3C3-4E1F-8C2D-D3A97F6DF1F5}
		{56525ED3-35EE-4DEA-90FC-818C91FED8E0} = {38EE2D0B-FF9B-4EF8-818B-A5B4EE02F6BC}
	EndGlobalSection
EndGlobal
